
Microsoft Visual Studio Solution File, Format Version 12.00
# Visual Studio 14
VisualStudioVersion = 14.0.25420.1
MinimumVisualStudioVersion = 10.0.40219.1
Project("{FAE04EC0-301F-11D3-BF4B-00C04F79EFBC}") = "TeamBulder.Client", "TeamBulder.Client\TeamBulder.Client.csproj", "{A4BFF911-9685-4E57-8C1C-8C62AC7BE4E9}"
EndProject
Project("{FAE04EC0-301F-11D3-BF4B-00C04F79EFBC}") = "TeamBuilder.Models", "TeamBuilder.Models\TeamBuilder.Models.csproj", "{31D48F3E-68DE-493D-9637-087AAFF79EC9}"
EndProject
Project("{FAE04EC0-301F-11D3-BF4B-00C04F79EFBC}") = "TeamBuilder.Data", "TeamBuilder.Data\TeamBuilder.Data.csproj", "{4C951CC8-EBD2-4096-9427-8373FBFE230B}"
EndProject
Global
	GlobalSection(SolutionConfigurationPlatforms) = preSolution
		Debug|Any CPU = Debug|Any CPU
		Release|Any CPU = Release|Any CPU
	EndGlobalSection
	GlobalSection(ProjectConfigurationPlatforms) = postSolution
		{A4BFF911-9685-4E57-8C1C-8C62AC7BE4E9}.Debug|Any CPU.ActiveCfg = Debug|Any CPU
		{A4BFF911-9685-4E57-8C1C-8C62AC7BE4E9}.Debug|Any CPU.Build.0 = Debug|Any CPU
		{A4BFF911-9685-4E57-8C1C-8C62AC7BE4E9}.Release|Any CPU.ActiveCfg = Release|Any CPU
		{A4BFF911-9685-4E57-8C1C-8C62AC7BE4E9}.Release|Any CPU.Build.0 = Release|Any CPU
		{31D48F3E-68DE-493D-9637-087AAFF79EC9}.Debug|Any CPU.ActiveCfg = Debug|Any CPU
		{31D48F3E-68DE-493D-9637-087AAFF79EC9}.Debug|Any CPU.Build.0 = Debug|Any CPU
		{31D48F3E-68DE-493D-9637-087AAFF79EC9}.Release|Any CPU.ActiveCfg = Release|Any CPU
		{31D48F3E-68DE-493D-9637-087AAFF79EC9}.Release|Any CPU.Build.0 = Release|Any CPU
		{4C951CC8-EBD2-4096-9427-8373FBFE230B}.Debug|Any CPU.ActiveCfg = Debug|Any CPU
		{4C951CC8-EBD2-4096-9427-8373FBFE230B}.Debug|Any CPU.Build.0 = Debug|Any CPU
		{4C951CC8-EBD2-4096-9427-8373FBFE230B}.Release|Any CPU.ActiveCfg = Release|Any CPU
		{4C951CC8-EBD2-4096-9427-8373FBFE230B}.Release|Any CPU.Build.0 = Release|Any CPU
	EndGlobalSection
	GlobalSection(SolutionProperties) = preSolution
		HideSolutionNode = FALSE
	EndGlobalSection
EndGlobal
